// !$*UTF8*$!
{
	archiveVersion = 1;
	classes = {
	};
	objectVersion = 46;
	objects = {

/* Begin PBXBuildFile section */
		010D91A21BFC1B1E000EB23E /* main.m in Sources */ = {isa = PBXBuildFile; fileRef = 010D91A11BFC1B1E000EB23E /* main.m */; };
		010D91A51BFC1B1E000EB23E /* AppDelegate.m in Sources */ = {isa = PBXBuildFile; fileRef = 010D91A41BFC1B1E000EB23E /* AppDelegate.m */; };
		010D91A81BFC1B1E000EB23E /* ViewController.m in Sources */ = {isa = PBXBuildFile; fileRef = 010D91A71BFC1B1E000EB23E /* ViewController.m */; };
		010D91AB1BFC1B1E000EB23E /* Main.storyboard in Resources */ = {isa = PBXBuildFile; fileRef = 010D91A91BFC1B1E000EB23E /* Main.storyboard */; };
		010D91AD1BFC1B1E000EB23E /* Assets.xcassets in Resources */ = {isa = PBXBuildFile; fileRef = 010D91AC1BFC1B1E000EB23E /* Assets.xcassets */; };
		010D91B01BFC1B1E000EB23E /* LaunchScreen.storyboard in Resources */ = {isa = PBXBuildFile; fileRef = 010D91AE1BFC1B1E000EB23E /* LaunchScreen.storyboard */; };
		01E831821BFD691900FEF18A /* ProtocolBuffers.framework in Frameworks */ = {isa = PBXBuildFile; fileRef = 01E831811BFD691900FEF18A /* ProtocolBuffers.framework */; };
		01E831851BFD699E00FEF18A /* Person.pb.m in Sources */ = {isa = PBXBuildFile; fileRef = 01E831841BFD699E00FEF18A /* Person.pb.m */; settings = {COMPILER_FLAGS = "-fno-objc-arc"; }; };
		2B322E804ACEBF23A8CE8230 /* Pods.framework in Frameworks */ = {isa = PBXBuildFile; fileRef = BBA23E948F2822FCC33F17A9 /* Pods.framework */; };
/* End PBXBuildFile section */

/* Begin PBXFileReference section */
		010D919D1BFC1B1E000EB23E /* protocolBuffersDemo2.app */ = {isa = PBXFileReference; explicitFileType = wrapper.application; includeInIndex = 0; path = protocolBuffersDemo2.app; sourceTree = BUILT_PRODUCTS_DIR; };
		010D91A11BFC1B1E000EB23E /* main.m */ = {isa = PBXFileReference; lastKnownFileType = sourcecode.c.objc; path = main.m; sourceTree = "<group>"; };
		010D91A31BFC1B1E000EB23E /* AppDelegate.h */ = {isa = PBXFileReference; lastKnownFileType = sourcecode.c.h; path = AppDelegate.h; sourceTree = "<group>"; };
		010D91A41BFC1B1E000EB23E /* AppDelegate.m */ = {isa = PBXFileReference; lastKnownFileType = sourcecode.c.objc; path = AppDelegate.m; sourceTree = "<group>"; };
		010D91A61BFC1B1E000EB23E /* ViewController.h */ = {isa = PBXFileReference; lastKnownFileType = sourcecode.c.h; path = ViewController.h; sourceTree = "<group>"; };
		010D91A71BFC1B1E000EB23E /* ViewController.m */ = {isa = PBXFileReference; lastKnownFileType = sourcecode.c.objc; path = ViewController.m; sourceTree = "<group>"; };
		010D91AA1BFC1B1E000EB23E /* Base */ = {isa = PBXFileReference; lastKnownFileType = file.storyboard; name = Base; path = Base.lproj/Main.storyboard; sourceTree = "<group>"; };
		010D91AC1BFC1B1E000EB23E /* Assets.xcassets */ = {isa = PBXFileReference; lastKnownFileType = folder.assetcatalog; path = Assets.xcassets; sourceTree = "<group>"; };
		010D91AF1BFC1B1E000EB23E /* Base */ = {isa = PBXFileReference; lastKnownFileType = file.storyboard; name = Base; path = Base.lproj/LaunchScreen.storyboard; sourceTree = "<group>"; };
		010D91B11BFC1B1E000EB23E /* Info.plist */ = {isa = PBXFileReference; lastKnownFileType = text.plist.xml; path = Info.plist; sourceTree = "<group>"; };
		01E831811BFD691900FEF18A /* ProtocolBuffers.framework */ = {isa = PBXFileReference; lastKnownFileType = wrapper.framework; name = ProtocolBuffers.framework; path = "Pods/../build/Debug-iphoneos/ProtocolBuffers.framework"; sourceTree = "<group>"; };
		01E831831BFD699E00FEF18A /* Person.pb.h */ = {isa = PBXFileReference; fileEncoding = 4; lastKnownFileType = sourcecode.c.h; path = Person.pb.h; sourceTree = "<group>"; };
		01E831841BFD699E00FEF18A /* Person.pb.m */ = {isa = PBXFileReference; fileEncoding = 4; lastKnownFileType = sourcecode.c.objc; path = Person.pb.m; sourceTree = "<group>"; };
		6BDB2D5A04D3F11FD8B8DF0B /* Pods.debug.xcconfig */ = {isa = PBXFileReference; includeInIndex = 1; lastKnownFileType = text.xcconfig; name = Pods.debug.xcconfig; path = "Pods/Target Support Files/Pods/Pods.debug.xcconfig"; sourceTree = "<group>"; };
		BB1E0293E8FA7A5BF1128B21 /* Pods.release.xcconfig */ = {isa = PBXFileReference; includeInIndex = 1; lastKnownFileType = text.xcconfig; name = Pods.release.xcconfig; path = "Pods/Target Support Files/Pods/Pods.release.xcconfig"; sourceTree = "<group>"; };
		BBA23E948F2822FCC33F17A9 /* Pods.framework */ = {isa = PBXFileReference; explicitFileType = wrapper.framework; includeInIndex = 0; path = Pods.framework; sourceTree = BUILT_PRODUCTS_DIR; };
/* End PBXFileReference section */

/* Begin PBXFrameworksBuildPhase section */
		010D919A1BFC1B1E000EB23E /* Frameworks */ = {
			isa = PBXFrameworksBuildPhase;
			buildActionMask = 2147483647;
			files = (
				01E831821BFD691900FEF18A /* ProtocolBuffers.framework in Frameworks */,
				2B322E804ACEBF23A8CE8230 /* Pods.framework in Frameworks */,
			);
			runOnlyForDeploymentPostprocessing = 0;
		};
/* End PBXFrameworksBuildPhase section */

/* Begin PBXGroup section */
		010D91941BFC1B1E000EB23E = {
			isa = PBXGroup;
			children = (
				010D919F1BFC1B1E000EB23E /* protocolBuffersDemo2 */,
				010D919E1BFC1B1E000EB23E /* Products */,
				743A8895400621654FAB4CE9 /* Pods */,
				0264B13C261382F4334C2A85 /* Frameworks */,
			);
			sourceTree = "<group>";
		};
		010D919E1BFC1B1E000EB23E /* Products */ = {
			isa = PBXGroup;
			children = (
				010D919D1BFC1B1E000EB23E /* protocolBuffersDemo2.app */,
			);
			name = Products;
			sourceTree = "<group>";
		};
		010D919F1BFC1B1E000EB23E /* protocolBuffersDemo2 */ = {
			isa = PBXGroup;
			children = (
				010D91A31BFC1B1E000EB23E /* AppDelegate.h */,
				010D91A41BFC1B1E000EB23E /* AppDelegate.m */,
				010D91A61BFC1B1E000EB23E /* ViewController.h */,
				01E831831BFD699E00FEF18A /* Person.pb.h */,
				01E831841BFD699E00FEF18A /* Person.pb.m */,
				010D91A71BFC1B1E000EB23E /* ViewController.m */,
				010D91A91BFC1B1E000EB23E /* Main.storyboard */,
				010D91AC1BFC1B1E000EB23E /* Assets.xcassets */,
				010D91AE1BFC1B1E000EB23E /* LaunchScreen.storyboard */,
				010D91B11BFC1B1E000EB23E /* Info.plist */,
				010D91A01BFC1B1E000EB23E /* Supporting Files */,
			);
			path = protocolBuffersDemo2;
			sourceTree = "<group>";
		};
		010D91A01BFC1B1E000EB23E /* Supporting Files */ = {
			isa = PBXGroup;
			children = (
				010D91A11BFC1B1E000EB23E /* main.m */,
			);
			name = "Supporting Files";
			sourceTree = "<group>";
		};
		0264B13C261382F4334C2A85 /* Frameworks */ = {
			isa = PBXGroup;
			children = (
				01E831811BFD691900FEF18A /* ProtocolBuffers.framework */,
				BBA23E948F2822FCC33F17A9 /* Pods.framework */,
			);
			name = Frameworks;
			sourceTree = "<group>";
		};
		743A8895400621654FAB4CE9 /* Pods */ = {
			isa = PBXGroup;
			children = (
				6BDB2D5A04D3F11FD8B8DF0B /* Pods.debug.xcconfig */,
				BB1E0293E8FA7A5BF1128B21 /* Pods.release.xcconfig */,
			);
			name = Pods;
			sourceTree = "<group>";
		};
/* End PBXGroup section */

/* Begin PBXNativeTarget section */
		010D919C1BFC1B1E000EB23E /* protocolBuffersDemo2 */ = {
			isa = PBXNativeTarget;
			buildConfigurationList = 010D91B41BFC1B1E000EB23E /* Build configuration list for PBXNativeTarget "protocolBuffersDemo2" */;
			buildPhases = (
				BD6383B0C166ECD56362AA1A /* Check Pods Manifest.lock */,
				010D91991BFC1B1E000EB23E /* Sources */,
				010D919A1BFC1B1E000EB23E /* Frameworks */,
				010D919B1BFC1B1E000EB23E /* Resources */,
				16953D8C6FE6FB7D23D32475 /* Embed Pods Frameworks */,
				AED8326EA8CA5DE1D6FDEFDB /* Copy Pods Resources */,
			);
			buildRules = (
			);
			dependencies = (
			);
			name = protocolBuffersDemo2;
			productName = protocolBuffersDemo2;
			productReference = 010D919D1BFC1B1E000EB23E /* protocolBuffersDemo2.app */;
			productType = "com.apple.product-type.application";
		};
/* End PBXNativeTarget section */

/* Begin PBXProject section */
		010D91951BFC1B1E000EB23E /* Project object */ = {
			isa = PBXProject;
			attributes = {
				LastUpgradeCheck = 0710;
				ORGANIZATIONNAME = frank;
				TargetAttributes = {
					010D919C1BFC1B1E000EB23E = {
						CreatedOnToolsVersion = 7.1;
					};
				};
			};
			buildConfigurationList = 010D91981BFC1B1E000EB23E /* Build configuration list for PBXProject "protocolBuffersDemo2" */;
			compatibilityVersion = "Xcode 3.2";
			developmentRegion = English;
			hasScannedForEncodings = 0;
			knownRegions = (
				en,
				Base,
			);
			mainGroup = 010D91941BFC1B1E000EB23E;
			productRefGroup = 010D919E1BFC1B1E000EB23E /* Products */;
			projectDirPath = "";
			projectRoot = "";
			targets = (
				010D919C1BFC1B1E000EB23E /* protocolBuffersDemo2 */,
			);
		};
/* End PBXProject section */

/* Begin PBXResourcesBuildPhase section */
		010D919B1BFC1B1E000EB23E /* Resources */ = {
			isa = PBXResourcesBuildPhase;
			buildActionMask = 2147483647;
			files = (
				010D91B01BFC1B1E000EB23E /* LaunchScreen.storyboard in Resources */,
				010D91AD1BFC1B1E000EB23E /* Assets.xcassets in Resources */,
				010D91AB1BFC1B1E000EB23E /* Main.storyboard in Resources */,
			);
			runOnlyForDeploymentPostprocessing = 0;
		};
/* End PBXResourcesBuildPhase section */

/* Begin PBXShellScriptBuildPhase section */
		16953D8C6FE6FB7D23D32475 /* Embed Pods Frameworks */ = {
			isa = PBXShellScriptBuildPhase;
			buildActionMask = 2147483647;
			files = (
			);
			inputPaths = (
			);
			name = "Embed Pods Frameworks";
			outputPaths = (
			);
			runOnlyForDeploymentPostprocessing = 0;
			shellPath = /bin/sh;
			shellScript = "\"${SRCROOT}/Pods/Target Support Files/Pods/Pods-frameworks.sh\"\n";
			showEnvVarsInLog = 0;
		};
		AED8326EA8CA5DE1D6FDEFDB /* Copy Pods Resources */ = {
			isa = PBXShellScriptBuildPhase;
			buildActionMask = 2147483647;
			files = (
			);
			inputPaths = (
			);
			name = "Copy Pods Resources";
			outputPaths = (
			);
			runOnlyForDeploymentPostprocessing = 0;
			shellPath = /bin/sh;
			shellScript = "\"${SRCROOT}/Pods/Target Support Files/Pods/Pods-resources.sh\"\n";
			showEnvVarsInLog = 0;
		};
		BD6383B0C166ECD56362AA1A /* Check Pods Manifest.lock */ = {
			isa = PBXShellScriptBuildPhase;
			buildActionMask = 2147483647;
			files = (
			);
			inputPaths = (
			);
			name = "Check Pods Manifest.lock";
			outputPaths = (
			);
			runOnlyForDeploymentPostprocessing = 0;
			shellPath = /bin/sh;
			shellScript = "diff \"${PODS_ROOT}/../Podfile.lock\" \"${PODS_ROOT}/Manifest.lock\" > /dev/null\nif [[ $? != 0 ]] ; then\n    cat << EOM\nerror: The sandbox is not in sync with the Podfile.lock. Run 'pod install' or update your CocoaPods installation.\nEOM\n    exit 1\nfi\n";
			showEnvVarsInLog = 0;
		};
/* End PBXShellScriptBuildPhase section */

/* Begin PBXSourcesBuildPhase section */
		010D91991BFC1B1E000EB23E /* Sources */ = {
			isa = PBXSourcesBuildPhase;
			buildActionMask = 2147483647;
			files = (
				010D91A81BFC1B1E000EB23E /* ViewController.m in Sources */,
				01E831851BFD699E00FEF18A /* Person.pb.m in Sources */,
				010D91A51BFC1B1E000EB23E /* AppDelegate.m in Sources */,
				010D91A21BFC1B1E000EB23E /* main.m in Sources */,
			);
			runOnlyForDeploymentPostprocessing = 0;
		};
/* End PBXSourcesBuildPhase section */

/* Begin PBXVariantGroup section */
		010D91A91BFC1B1E000EB23E /* Main.storyboard */ = {
			isa = PBXVariantGroup;
			children = (
				010D91AA1BFC1B1E000EB23E /* Base */,
			);
			name = Main.storyboard;
			sourceTree = "<group>";
		};
		010D91AE1BFC1B1E000EB23E /* LaunchScreen.storyboard */ = {
			isa = PBXVariantGroup;
			children = (
				010D91AF1BFC1B1E000EB23E /* Base */,
			);
			name = LaunchScreen.storyboard;
			sourceTree = "<group>";
		};
/* End PBXVariantGroup section */

/* Begin XCBuildConfiguration section */
		010D91B21BFC1B1E000EB23E /* Debug */ = {
			isa = XCBuildConfiguration;
			buildSettings = {
				ALWAYS_SEARCH_USER_PATHS = NO;
				CLANG_CXX_LANGUAGE_STANDARD = "gnu++0x";
				CLANG_CXX_LIBRARY = "libc++";
				CLANG_ENABLE_MODULES = YES;
				CLANG_ENABLE_OBJC_ARC = YES;
				CLANG_WARN_BOOL_CONVERSION = YES;
				CLANG_WARN_CONSTANT_CONVERSION = YES;
				CLANG_WARN_DIRECT_OBJC_ISA_USAGE = YES_ERROR;
				CLANG_WARN_EMPTY_BODY = YES;
				CLANG_WARN_ENUM_CONVERSION = YES;
				CLANG_WARN_INT_CONVERSION = YES;
				CLANG_WARN_OBJC_ROOT_CLASS = YES_ERROR;
				CLANG_WARN_UNREACHABLE_CODE = YES;
				CLANG_WARN__DUPLICATE_METHOD_MATCH = YES;
				"CODE_SIGN_IDENTITY[sdk=iphoneos*]" = "iPhone Developer";
				COPY_PHASE_STRIP = NO;
				DEBUG_INFORMATION_FORMAT = dwarf;
				ENABLE_STRICT_OBJC_MSGSEND = YES;
				ENABLE_TESTABILITY = YES;
				GCC_C_LANGUAGE_STANDARD = gnu99;
				GCC_DYNAMIC_NO_PIC = NO;
				GCC_NO_COMMON_BLOCKS = YES;
				GCC_OPTIMIZATION_LEVEL = 0;
				GCC_PREPROCESSOR_DEFINITIONS = (
					"DEBUG=1",
					"$(inherited)",
				);
				GCC_WARN_64_TO_32_BIT_CONVERSION = YES;
				GCC_WARN_ABOUT_RETURN_TYPE = YES_ERROR;
				GCC_WARN_UNDECLARED_SELECTOR = YES;
				GCC_WARN_UNINITIALIZED_AUTOS = YES_AGGRESSIVE;
				GCC_WARN_UNUSED_FUNCTION = YES;
				GCC_WARN_UNUSED_VARIABLE = YES;
				IPHONEOS_DEPLOYMENT_TARGET = 9.1;
				MTL_ENABLE_DEBUG_INFO = YES;
				ONLY_ACTIVE_ARCH = YES;
				SDKROOT = iphoneos;
			};
			name = Debug;
		};
		010D91B31BFC1B1E000EB23E /* Release */ = {
			isa = XCBuildConfiguration;
			buildSettings = {
				ALWAYS_SEARCH_USER_PATHS = NO;
				CLANG_CXX_LANGUAGE_STANDARD = "gnu++0x";
				CLANG_CXX_LIBRARY = "libc++";
				CLANG_ENABLE_MODULES = YES;
				CLANG_ENABLE_OBJC_ARC = YES;
				CLANG_WARN_BOOL_CONVERSION = YES;
				CLANG_WARN_CONSTANT_CONVERSION = YES;
				CLANG_WARN_DIRECT_OBJC_ISA_USAGE = YES_ERROR;
				CLANG_WARN_EMPTY_BODY = YES;
				CLANG_WARN_ENUM_CONVERSION = YES;
				CLANG_WARN_INT_CONVERSION = YES;
				CLANG_WARN_OBJC_ROOT_CLASS = YES_ERROR;
				CLANG_WARN_UNREACHABLE_CODE = YES;
				CLANG_WARN__DUPLICATE_METHOD_MATCH = YES;
				"CODE_SIGN_IDENTITY[sdk=iphoneos*]" = "iPhone Developer";
				COPY_PHASE_STRIP = NO;
				DEBUG_INFORMATION_FORMAT = "dwarf-with-dsym";
				ENABLE_NS_ASSERTIONS = NO;
				ENABLE_STRICT_OBJC_MSGSEND = YES;
				GCC_C_LANGUAGE_STANDARD = gnu99;
				GCC_NO_COMMON_BLOCKS = YES;
				GCC_WARN_64_TO_32_BIT_CONVERSION = YES;
				GCC_WARN_ABOUT_RETURN_TYPE = YES_ERROR;
				GCC_WARN_UNDECLARED_SELECTOR = YES;
				GCC_WARN_UNINITIALIZED_AUTOS = YES_AGGRESSIVE;
				GCC_WARN_UNUSED_FUNCTION = YES;
				GCC_WARN_UNUSED_VARIABLE = YES;
				IPHONEOS_DEPLOYMENT_TARGET = 9.1;
				MTL_ENABLE_DEBUG_INFO = NO;
				SDKROOT = iphoneos;
				VALIDATE_PRODUCT = YES;
			};
			name = Release;
		};
		010D91B51BFC1B1E000EB23E /* Debug */ = {
			isa = XCBuildConfiguration;
			baseConfigurationReference = 6BDB2D5A04D3F11FD8B8DF0B /* Pods.debug.xcconfig */;
			buildSettings = {
				ASSETCATALOG_COMPILER_APPICON_NAME = AppIcon;
				ENABLE_BITCODE = NO;
				FRAMEWORK_SEARCH_PATHS = (
					"$(inherited)",
					"$(PROJECT_DIR)/build/Debug-iphoneos",
				);
				INFOPLIST_FILE = protocolBuffersDemo2/Info.plist;
				LD_RUNPATH_SEARCH_PATHS = "$(inherited) @executable_path/Frameworks";
				PRODUCT_BUNDLE_IDENTIFIER = com.310win.protocolBuffersDemo2;
				PRODUCT_NAME = "$(TARGET_NAME)";
				USER_HEADER_SEARCH_PATHS = "${SRCROOT}/**";
			};
			name = Debug;
		};
		010D91B61BFC1B1E000EB23E /* Release */ = {
			isa = XCBuildConfiguration;
			baseConfigurationReference = BB1E0293E8FA7A5BF1128B21 /* Pods.release.xcconfig */;
			buildSettings = {
				ASSETCATALOG_COMPILER_APPICON_NAME = AppIcon;
				ENABLE_BITCODE = NO;
				FRAMEWORK_SEARCH_PATHS = (
					"$(inherited)",
					"$(PROJECT_DIR)/build/Debug-iphoneos",
				);
				INFOPLIST_FILE = protocolBuffersDemo2/Info.plist;
				LD_RUNPATH_SEARCH_PATHS = "$(inherited) @executable_path/Frameworks";
				PRODUCT_BUNDLE_IDENTIFIER = com.310win.protocolBuffersDemo2;
				PRODUCT_NAME = "$(TARGET_NAME)";
				USER_HEADER_SEARCH_PATHS = "${SRCROOT}/**";
			};
			name = Release;
		};
/* End XCBuildConfiguration section */

/* Begin XCConfigurationList section */
		010D91981BFC1B1E000EB23E /* Build configuration list for PBXProject "protocolBuffersDemo2" */ = {
			isa = XCConfigurationList;
			buildConfigurations = (
				010D91B21BFC1B1E000EB23E /* Debug */,
				010D91B31BFC1B1E000EB23E /* Release */,
			);
			defaultConfigurationIsVisible = 0;
			defaultConfigurationName = Release;
		};
		010D91B41BFC1B1E000EB23E /* Build configuration list for PBXNativeTarget "protocolBuffersDemo2" */ = {
			isa = XCConfigurationList;
			buildConfigurations = (
				010D91B51BFC1B1E000EB23E /* Debug */,
				010D91B61BFC1B1E000EB23E /* Release */,
			);
			defaultConfigurationIsVisible = 0;
			defaultConfigurationName = Release;
		};
/* End XCConfigurationList section */
	};
	rootObject = 010D91951BFC1B1E000EB23E /* Project object */;
}
